// !$*UTF8*$!
{
	archiveVersion = 1;
	classes = {
	};
	objectVersion = 46;
	objects = {

/* Begin PBXBuildFile section */
		106286FA1D726E0C00887B6C /* AppDelegate.swift in Sources */ = {isa = PBXBuildFile; fileRef = 106286F91D726E0C00887B6C /* AppDelegate.swift */; };
		106286FC1D726E0C00887B6C /* ViewController.swift in Sources */ = {isa = PBXBuildFile; fileRef = 106286FB1D726E0C00887B6C /* ViewController.swift */; };
		106286FF1D726E0C00887B6C /* Main.storyboard in Resources */ = {isa = PBXBuildFile; fileRef = 106286FD1D726E0C00887B6C /* Main.storyboard */; };
		106287011D726E0C00887B6C /* Assets.xcassets in Resources */ = {isa = PBXBuildFile; fileRef = 106287001D726E0C00887B6C /* Assets.xcassets */; };
		106287041D726E0C00887B6C /* LaunchScreen.storyboard in Resources */ = {isa = PBXBuildFile; fileRef = 106287021D726E0C00887B6C /* LaunchScreen.storyboard */; };
/* End PBXBuildFile section */

/* Begin PBXFileReference section */
		106286F61D726E0C00887B6C /* TareaPeticion.app */ = {isa = PBXFileReference; explicitFileType = wrapper.application; includeInIndex = 0; path = TareaPeticion.app; sourceTree = BUILT_PRODUCTS_DIR; };
		106286F91D726E0C00887B6C /* AppDelegate.swift */ = {isa = PBXFileReference; lastKnownFileType = sourcecode.swift; path = AppDelegate.swift; sourceTree = "<group>"; };
		106286FB1D726E0C00887B6C /* ViewController.swift */ = {isa = PBXFileReference; lastKnownFileType = sourcecode.swift; path = ViewController.swift; sourceTree = "<group>"; };
		106286FE1D726E0C00887B6C /* Base */ = {isa = PBXFileReference; lastKnownFileType = file.storyboard; name = Base; path = Base.lproj/Main.storyboard; sourceTree = "<group>"; };
		106287001D726E0C00887B6C /* Assets.xcassets */ = {isa = PBXFileReference; lastKnownFileType = folder.assetcatalog; path = Assets.xcassets; sourceTree = "<group>"; };
		106287031D726E0C00887B6C /* Base */ = {isa = PBXFileReference; lastKnownFileType = file.storyboard; name = Base; path = Base.lproj/LaunchScreen.storyboard; sourceTree = "<group>"; };
		106287051D726E0C00887B6C /* Info.plist */ = {isa = PBXFileReference; lastKnownFileType = text.plist.xml; path = Info.plist; sourceTree = "<group>"; };
/* End PBXFileReference section */

/* Begin PBXFrameworksBuildPhase section */
		106286F31D726E0C00887B6C /* Frameworks */ = {
			isa = PBXFrameworksBuildPhase;
			buildActionMask = 2147483647;
			files = (
			);
			runOnlyForDeploymentPostprocessing = 0;
		};
/* End PBXFrameworksBuildPhase section */

/* Begin PBXGroup section */
		106286ED1D726E0C00887B6C = {
			isa = PBXGroup;
			children = (
				106286F81D726E0C00887B6C /* TareaPeticion */,
				106286F71D726E0C00887B6C /* Products */,
			);
			sourceTree = "<group>";
		};
		106286F71D726E0C00887B6C /* Products */ = {
			isa = PBXGroup;
			children = (
				106286F61D726E0C00887B6C /* TareaPeticion.app */,
			);
			name = Products;
			sourceTree = "<group>";
		};
		106286F81D726E0C00887B6C /* TareaPeticion */ = {
			isa = PBXGroup;
			children = (
				106286F91D726E0C00887B6C /* AppDelegate.swift */,
				106286FB1D726E0C00887B6C /* ViewController.swift */,
				106286FD1D726E0C00887B6C /* Main.storyboard */,
				106287001D726E0C00887B6C /* Assets.xcassets */,
				106287021D726E0C00887B6C /* LaunchScreen.storyboard */,
				106287051D726E0C00887B6C /* Info.plist */,
			);
			path = TareaPeticion;
			sourceTree = "<group>";
		};
/* End PBXGroup section */

/* Begin PBXNativeTarget section */
		106286F51D726E0C00887B6C /* TareaPeticion */ = {
			isa = PBXNativeTarget;
			buildConfigurationList = 106287081D726E0C00887B6C /* Build configuration list for PBXNativeTarget "TareaPeticion" */;
			buildPhases = (
				106286F21D726E0C00887B6C /* Sources */,
				106286F31D726E0C00887B6C /* Frameworks */,
				106286F41D726E0C00887B6C /* Resources */,
			);
			buildRules = (
			);
			dependencies = (
			);
			name = TareaPeticion;
			productName = TareaPeticion;
			productReference = 106286F61D726E0C00887B6C /* TareaPeticion.app */;
			productType = "com.apple.product-type.application";
		};
/* End PBXNativeTarget section */

/* Begin PBXProject section */
		106286EE1D726E0C00887B6C /* Project object */ = {
			isa = PBXProject;
			attributes = {
				LastSwiftUpdateCheck = 0730;
				LastUpgradeCheck = 0730;
				ORGANIZATIONNAME = XrgerX;
				TargetAttributes = {
					106286F51D726E0C00887B6C = {
						CreatedOnToolsVersion = 7.3;
					};
				};
			};
			buildConfigurationList = 106286F11D726E0C00887B6C /* Build configuration list for PBXProject "TareaPeticion" */;
			compatibilityVersion = "Xcode 3.2";
			developmentRegion = English;
			hasScannedForEncodings = 0;
			knownRegions = (
				en,
				Base,
			);
			mainGroup = 106286ED1D726E0C00887B6C;
			productRefGroup = 106286F71D726E0C00887B6C /* Products */;
			projectDirPath = "";
			projectRoot = "";
			targets = (
				106286F51D726E0C00887B6C /* TareaPeticion */,
			);
		};
/* End PBXProject section */

/* Begin PBXResourcesBuildPhase section */
		106286F41D726E0C00887B6C /* Resources */ = {
			isa = PBXResourcesBuildPhase;
			buildActionMask = 2147483647;
			files = (
				106287041D726E0C00887B6C /* LaunchScreen.storyboard in Resources */,
				106287011D726E0C00887B6C /* Assets.xcassets in Resources */,
				106286FF1D726E0C00887B6C /* Main.storyboard in Resources */,
			);
			runOnlyForDeploymentPostprocessing = 0;
		};
/* End PBXResourcesBuildPhase section */

/* Begin PBXSourcesBuildPhase section */
		106286F21D726E0C00887B6C /* Sources */ = {
			isa = PBXSourcesBuildPhase;
			buildActionMask = 2147483647;
			files = (
				106286FC1D726E0C00887B6C /* ViewController.swift in Sources */,
				106286FA1D726E0C00887B6C /* AppDelegate.swift in Sources */,
			);
			runOnlyForDeploymentPostprocessing = 0;
		};
/* End PBXSourcesBuildPhase section */

/* Begin PBXVariantGroup section */
		106286FD1D726E0C00887B6C /* Main.storyboard */ = {
			isa = PBXVariantGroup;
			children = (
				106286FE1D726E0C00887B6C /* Base */,
			);
			name = Main.storyboard;
			sourceTree = "<group>";
		};
		106287021D726E0C00887B6C /* LaunchScreen.storyboard */ = {
			isa = PBXVariantGroup;
			children = (
				106287031D726E0C00887B6C /* Base */,
			);
			name = LaunchScreen.storyboard;
			sourceTree = "<group>";
		};
/* End PBXVariantGroup section */

/* Begin XCBuildConfiguration section */
		106287061D726E0C00887B6C /* Debug */ = {
			isa = XCBuildConfiguration;
			buildSettings = {
				ALWAYS_SEARCH_USER_PATHS = NO;
				CLANG_ANALYZER_NONNULL = YES;
				CLANG_CXX_LANGUAGE_STANDARD = "gnu++0x";
				CLANG_CXX_LIBRARY = "libc++";
				CLANG_ENABLE_MODULES = YES;
				CLANG_ENABLE_OBJC_ARC = YES;
				CLANG_WARN_BOOL_CONVERSION = YES;
				CLANG_WARN_CONSTANT_CONVERSION = YES;
				CLANG_WARN_DIRECT_OBJC_ISA_USAGE = YES_ERROR;
				CLANG_WARN_EMPTY_BODY = YES;
				CLANG_WARN_ENUM_CONVERSION = YES;
				CLANG_WARN_INT_CONVERSION = YES;
				CLANG_WARN_OBJC_ROOT_CLASS = YES_ERROR;
				CLANG_WARN_UNREACHABLE_CODE = YES;
				CLANG_WARN__DUPLICATE_METHOD_MATCH = YES;
				"CODE_SIGN_IDENTITY[sdk=iphoneos*]" = "iPhone Developer";
				COPY_PHASE_STRIP = NO;
				DEBUG_INFORMATION_FORMAT = dwarf;
				ENABLE_STRICT_OBJC_MSGSEND = YES;
				ENABLE_TESTABILITY = YES;
				GCC_C_LANGUAGE_STANDARD = gnu99;
				GCC_DYNAMIC_NO_PIC = NO;
				GCC_NO_COMMON_BLOCKS = YES;
				GCC_OPTIMIZATION_LEVEL = 0;
				GCC_PREPROCESSOR_DEFINITIONS = (
					"DEBUG=1",
					"$(inherited)",
				);
				GCC_WARN_64_TO_32_BIT_CONVERSION = YES;
				GCC_WARN_ABOUT_RETURN_TYPE = YES_ERROR;
				GCC_WARN_UNDECLARED_SELECTOR = YES;
				GCC_WARN_UNINITIALIZED_AUTOS = YES_AGGRESSIVE;
				GCC_WARN_UNUSED_FUNCTION = YES;
				GCC_WARN_UNUSED_VARIABLE = YES;
				IPHONEOS_DEPLOYMENT_TARGET = 9.3;
				MTL_ENABLE_DEBUG_INFO = YES;
				ONLY_ACTIVE_ARCH = YES;
				SDKROOT = iphoneos;
				SWIFT_OPTIMIZATION_LEVEL = "-Onone";
			};
			name = Debug;
		};
		106287071D726E0C00887B6C /* Release */ = {
			isa = XCBuildConfiguration;
			buildSettings = {
				ALWAYS_SEARCH_USER_PATHS = NO;
				CLANG_ANALYZER_NONNULL = YES;
				CLANG_CXX_LANGUAGE_STANDARD = "gnu++0x";
				CLANG_CXX_LIBRARY = "libc++";
				CLANG_ENABLE_MODULES = YES;
				CLANG_ENABLE_OBJC_ARC = YES;
				CLANG_WARN_BOOL_CONVERSION = YES;
				CLANG_WARN_CONSTANT_CONVERSION = YES;
				CLANG_WARN_DIRECT_OBJC_ISA_USAGE = YES_ERROR;
				CLANG_WARN_EMPTY_BODY = YES;
				CLANG_WARN_ENUM_CONVERSION = YES;
				CLANG_WARN_INT_CONVERSION = YES;
				CLANG_WARN_OBJC_ROOT_CLASS = YES_ERROR;
				CLANG_WARN_UNREACHABLE_CODE = YES;
				CLANG_WARN__DUPLICATE_METHOD_MATCH = YES;
				"CODE_SIGN_IDENTITY[sdk=iphoneos*]" = "iPhone Developer";
				COPY_PHASE_STRIP = NO;
				DEBUG_INFORMATION_FORMAT = "dwarf-with-dsym";
				ENABLE_NS_ASSERTIONS = NO;
				ENABLE_STRICT_OBJC_MSGSEND = YES;
				GCC_C_LANGUAGE_STANDARD = gnu99;
				GCC_NO_COMMON_BLOCKS = YES;
				GCC_WARN_64_TO_32_BIT_CONVERSION = YES;
				GCC_WARN_ABOUT_RETURN_TYPE = YES_ERROR;
				GCC_WARN_UNDECLARED_SELECTOR = YES;
				GCC_WARN_UNINITIALIZED_AUTOS = YES_AGGRESSIVE;
				GCC_WARN_UNUSED_FUNCTION = YES;
				GCC_WARN_UNUSED_VARIABLE = YES;
				IPHONEOS_DEPLOYMENT_TARGET = 9.3;
				MTL_ENABLE_DEBUG_INFO = NO;
				SDKROOT = iphoneos;
				VALIDATE_PRODUCT = YES;
			};
			name = Release;
		};
		106287091D726E0C00887B6C /* Debug */ = {
			isa = XCBuildConfiguration;
			buildSettings = {
				ASSETCATALOG_COMPILER_APPICON_NAME = AppIcon;
				INFOPLIST_FILE = TareaPeticion/Info.plist;
				LD_RUNPATH_SEARCH_PATHS = "$(inherited) @executable_path/Frameworks";
				PRODUCT_BUNDLE_IDENTIFIER = Idigital.TareaPeticion;
				PRODUCT_NAME = "$(TARGET_NAME)";
			};
			name = Debug;
		};
		1062870A1D726E0C00887B6C /* Release */ = {
			isa = XCBuildConfiguration;
			buildSettings = {
				ASSETCATALOG_COMPILER_APPICON_NAME = AppIcon;
				INFOPLIST_FILE = TareaPeticion/Info.plist;
				LD_RUNPATH_SEARCH_PATHS = "$(inherited) @executable_path/Frameworks";
				PRODUCT_BUNDLE_IDENTIFIER = Idigital.TareaPeticion;
				PRODUCT_NAME = "$(TARGET_NAME)";
			};
			name = Release;
		};
/* End XCBuildConfiguration section */

/* Begin XCConfigurationList section */
		106286F11D726E0C00887B6C /* Build configuration list for PBXProject "TareaPeticion" */ = {
			isa = XCConfigurationList;
			buildConfigurations = (
				106287061D726E0C00887B6C /* Debug */,
				106287071D726E0C00887B6C /* Release */,
			);
			defaultConfigurationIsVisible = 0;
			defaultConfigurationName = Release;
		};
		106287081D726E0C00887B6C /* Build configuration list for PBXNativeTarget "TareaPeticion" */ = {
			isa = XCConfigurationList;
			buildConfigurations = (
				106287091D726E0C00887B6C /* Debug */,
				1062870A1D726E0C00887B6C /* Release */,
			);
			defaultConfigurationIsVisible = 0;
		};
/* End XCConfigurationList section */
	};
	rootObject = 106286EE1D726E0C00887B6C /* Project object */;
}
